{
  "name": "@prudent/encode",
<<<<<<< HEAD
  "version": "2.2.0",
=======
  "version": "2.1.1",
>>>>>>> 9310d0992e5c70713ac0adb71c83e3497eac683a
  "lockfileVersion": 1,
  "requires": true,
  "dependencies": {
    "dateformat": {
      "version": "3.0.3",
      "resolved": "https://registry.npmjs.org/dateformat/-/dateformat-3.0.3.tgz",
      "integrity": "sha512-jyCETtSl3VMZMWeRo7iY1FL19ges1t55hMo5yaam4Jrsm5EPL89UQkoQRyiI+Yf4k8r2ZpdngkV8hr1lIdjb3Q=="
    }
  }
}
